<?xml version="1.0" encoding="utf-8"?>
<Project ToolsVersion="4.0" xmlns="http://schemas.microsoft.com/developer/msbuild/2003">
  <ItemGroup>
    <Filter Include="SoonMoom">
      <UniqueIdentifier>{FCEB6A80-E8B8-C58B-11D2-B333FDFDFA19}</UniqueIdentifier>
    </Filter>
    <Filter Include="SoonMoom\Events">
      <UniqueIdentifier>{60C4D76F-CC4F-4534-D560-C828416BA134}</UniqueIdentifier>
    </Filter>
  </ItemGroup>
  <ItemGroup>
    <ClInclude Include="src\SoonMoom.h" />
    <ClInclude Include="src\SoonMoom\Application.h">
      <Filter>SoonMoom</Filter>
    </ClInclude>
    <ClInclude Include="src\SoonMoom\Core.h">
      <Filter>SoonMoom</Filter>
    </ClInclude>
    <ClInclude Include="src\SoonMoom\EntryPoint.h">
      <Filter>SoonMoom</Filter>
    </ClInclude>
    <ClInclude Include="src\SoonMoom\Events\ApplicationEvent.h">
      <Filter>SoonMoom\Events</Filter>
    </ClInclude>
    <ClInclude Include="src\SoonMoom\Events\Event.h">
      <Filter>SoonMoom\Events</Filter>
    </ClInclude>
    <ClInclude Include="src\SoonMoom\Events\KeyEvent.h">
      <Filter>SoonMoom\Events</Filter>
    </ClInclude>
    <ClInclude Include="src\SoonMoom\Events\MouseEvent.h">
      <Filter>SoonMoom\Events</Filter>
    </ClInclude>
    <ClInclude Include="src\SoonMoom\Log.h">
      <Filter>SoonMoom</Filter>
    </ClInclude>
    <ClInclude Include="src\smpch.h" />
  </ItemGroup>
  <ItemGroup>
    <ClCompile Include="src\SoonMoom\Application.cpp">
      <Filter>SoonMoom</Filter>
    </ClCompile>
    <ClCompile Include="src\SoonMoom\Log.cpp">
      <Filter>SoonMoom</Filter>
    </ClCompile>
    <ClCompile Include="src\smpch.cpp" />
  </ItemGroup>
</Project>